Microsoft Visual Studio Solution File, Format Version 12.00
# Visual Studio Version 17
VisualStudioVersion = 17.5.2.0
MinimumVisualStudioVersion = 10.0.40219.1
Project("{FAE04EC0-301F-11D3-BF4B-00C04F79EFBC}") = "Segregador_de_Idade", "Segregador_de_Idade.csproj", "{D23BC85C-CE2F-487C-5898-3E44F1A36981}"
EndProject
Global
	GlobalSection(SolutionConfigurationPlatforms) = preSolution
		Debug|Any CPU = Debug|Any CPU
		Release|Any CPU = Release|Any CPU
	EndGlobalSection
	GlobalSection(ProjectConfigurationPlatforms) = postSolution
		{D23BC85C-CE2F-487C-5898-3E44F1A36981}.Debug|Any CPU.ActiveCfg = Debug|Any CPU
		{D23BC85C-CE2F-487C-5898-3E44F1A36981}.Debug|Any CPU.Build.0 = Debug|Any CPU
		{D23BC85C-CE2F-487C-5898-3E44F1A36981}.Release|Any CPU.ActiveCfg = Release|Any CPU
		{D23BC85C-CE2F-487C-5898-3E44F1A36981}.Release|Any CPU.Build.0 = Release|Any CPU
	EndGlobalSection
	GlobalSection(SolutionProperties) = preSolution
		HideSolutionNode = FALSE
	EndGlobalSection
	GlobalSection(ExtensibilityGlobals) = postSolution
		SolutionGuid = {2AF41CCC-5141-48C3-85F5-D6FAFC350F92}
	EndGlobalSection
EndGlobal
