Microsoft Visual Studio Solution File, Format Version 12.00
# Visual Studio Version 17
VisualStudioVersion = 17.5.2.0
MinimumVisualStudioVersion = 10.0.40219.1
Project("{FAE04EC0-301F-11D3-BF4B-00C04F79EFBC}") = "Sistema_senha", "Sistema_senha.csproj", "{425271E9-CC67-EC34-4634-CD91FF18CCFF}"
EndProject
Global
	GlobalSection(SolutionConfigurationPlatforms) = preSolution
		Debug|Any CPU = Debug|Any CPU
		Release|Any CPU = Release|Any CPU
	EndGlobalSection
	GlobalSection(ProjectConfigurationPlatforms) = postSolution
		{425271E9-CC67-EC34-4634-CD91FF18CCFF}.Debug|Any CPU.ActiveCfg = Debug|Any CPU
		{425271E9-CC67-EC34-4634-CD91FF18CCFF}.Debug|Any CPU.Build.0 = Debug|Any CPU
		{425271E9-CC67-EC34-4634-CD91FF18CCFF}.Release|Any CPU.ActiveCfg = Release|Any CPU
		{425271E9-CC67-EC34-4634-CD91FF18CCFF}.Release|Any CPU.Build.0 = Release|Any CPU
	EndGlobalSection
	GlobalSection(SolutionProperties) = preSolution
		HideSolutionNode = FALSE
	EndGlobalSection
	GlobalSection(ExtensibilityGlobals) = postSolution
		SolutionGuid = {28237B53-DAF4-4FDA-8F96-CD6D689A997B}
	EndGlobalSection
EndGlobal
